[root]
name = "mtg-rust"
version = "0.0.1"
dependencies = [
 "hyper 0.0.1 (git+https://github.com/hyperium/hyper#600c1e07bc437896bacb13feff5f8c75b2037df5)",
]

[[package]]
name = "encoding"
version = "0.1.0"
source = "git+https://github.com/lifthrasiir/rust-encoding#dd6183298e20b038fcd1cc4ab91405b3c72e49db"

[[package]]
name = "hyper"
version = "0.0.1"
source = "git+https://github.com/hyperium/hyper#600c1e07bc437896bacb13feff5f8c75b2037df5"
dependencies = [
 "intertwine 0.0.1 (git+https://github.com/reem/rust-intertwine#3b23760cf7da3c7f38db16bf488c88f6e506de2d)",
 "mime 0.0.1 (git+https://github.com/seanmonstar/mime.rs#e2a6bcf5029a33f12a77387da9000e6106c0d2fe)",
 "move-acceptor 0.0.1 (git+https://github.com/reem/rust-move-acceptor#4eef9c13745db3da74c22a26b659dc054aec5500)",
 "openssl 0.0.0 (git+https://github.com/sfackler/rust-openssl#6277635e5c579c5842fc5f921a3b27a544a7b346)",
 "typeable 0.0.1 (git+https://github.com/reem/rust-typeable#55154e1809db8ceec8f8519bdbb638c2fbd712f5)",
 "unsafe-any 0.1.0 (git+https://github.com/reem/rust-unsafe-any#75cff194795447a901c1658e31629899c9c8d52f)",
 "url 0.1.0 (git+https://github.com/servo/rust-url#7f1991d847fb8cf8648def2ff121bae90b89131f)",
]

[[package]]
name = "intertwine"
version = "0.0.1"
source = "git+https://github.com/reem/rust-intertwine#3b23760cf7da3c7f38db16bf488c88f6e506de2d"

[[package]]
name = "mime"
version = "0.0.1"
source = "git+https://github.com/seanmonstar/mime.rs#e2a6bcf5029a33f12a77387da9000e6106c0d2fe"

[[package]]
name = "move-acceptor"
version = "0.0.1"
source = "git+https://github.com/reem/rust-move-acceptor#4eef9c13745db3da74c22a26b659dc054aec5500"

[[package]]
name = "openssl"
version = "0.0.0"
source = "git+https://github.com/sfackler/rust-openssl#6277635e5c579c5842fc5f921a3b27a544a7b346"

[[package]]
name = "typeable"
version = "0.0.1"
source = "git+https://github.com/reem/rust-typeable#55154e1809db8ceec8f8519bdbb638c2fbd712f5"

[[package]]
name = "unsafe-any"
version = "0.1.0"
source = "git+https://github.com/reem/rust-unsafe-any#75cff194795447a901c1658e31629899c9c8d52f"

[[package]]
name = "url"
version = "0.1.0"
source = "git+https://github.com/servo/rust-url#7f1991d847fb8cf8648def2ff121bae90b89131f"
dependencies = [
 "encoding 0.1.0 (git+https://github.com/lifthrasiir/rust-encoding#dd6183298e20b038fcd1cc4ab91405b3c72e49db)",
]

